
Microsoft Visual Studio Solution File, Format Version 12.00
# Visual Studio Version 16
VisualStudioVersion = 16.0.31829.152
MinimumVisualStudioVersion = 10.0.40219.1
Project("{FAE04EC0-301F-11D3-BF4B-00C04F79EFBC}") = "Image Processing", "Image Processing\Image Processing.csproj", "{D0F84122-9C7D-4160-A63B-350F7A6D5F4C}"
EndProject
Global
	GlobalSection(SolutionConfigurationPlatforms) = preSolution
		Debug|Any CPU = Debug|Any CPU
		Release|Any CPU = Release|Any CPU
	EndGlobalSection
	GlobalSection(ProjectConfigurationPlatforms) = postSolution
		{D0F84122-9C7D-4160-A63B-350F7A6D5F4C}.Debug|Any CPU.ActiveCfg = Debug|Any CPU
		{D0F84122-9C7D-4160-A63B-350F7A6D5F4C}.Debug|Any CPU.Build.0 = Debug|Any CPU
		{D0F84122-9C7D-4160-A63B-350F7A6D5F4C}.Release|Any CPU.ActiveCfg = Release|Any CPU
		{D0F84122-9C7D-4160-A63B-350F7A6D5F4C}.Release|Any CPU.Build.0 = Release|Any CPU
	EndGlobalSection
	GlobalSection(SolutionProperties) = preSolution
		HideSolutionNode = FALSE
	EndGlobalSection
	GlobalSection(ExtensibilityGlobals) = postSolution
		SolutionGuid = {EDB51C1D-2642-4E70-AA3A-68B158092A4F}
	EndGlobalSection
EndGlobal
